
Microsoft Visual Studio Solution File, Format Version 12.00
# Visual Studio Version 17
VisualStudioVersion = 17.12.35707.178 d17.12
MinimumVisualStudioVersion = 10.0.40219.1
Project("{FAE04EC0-301F-11D3-BF4B-00C04F79EFBC}") = "prjICE_TASK_2_Indexers", "prjICE_TASK_2_Indexers\prjICE_TASK_2_Indexers.csproj", "{609AEF61-707B-441B-8EA0-F93866813427}"
EndProject
Project("{FAE04EC0-301F-11D3-BF4B-00C04F79EFBC}") = "TestMovies", "TestMovies\TestMovies.csproj", "{4A9F3C4F-C3B9-4A0A-A66E-DE617708BE51}"
EndProject
Global
	GlobalSection(SolutionConfigurationPlatforms) = preSolution
		Debug|Any CPU = Debug|Any CPU
		Release|Any CPU = Release|Any CPU
	EndGlobalSection
	GlobalSection(ProjectConfigurationPlatforms) = postSolution
		{609AEF61-707B-441B-8EA0-F93866813427}.Debug|Any CPU.ActiveCfg = Debug|Any CPU
		{609AEF61-707B-441B-8EA0-F93866813427}.Debug|Any CPU.Build.0 = Debug|Any CPU
		{609AEF61-707B-441B-8EA0-F93866813427}.Release|Any CPU.ActiveCfg = Release|Any CPU
		{609AEF61-707B-441B-8EA0-F93866813427}.Release|Any CPU.Build.0 = Release|Any CPU
		{4A9F3C4F-C3B9-4A0A-A66E-DE617708BE51}.Debug|Any CPU.ActiveCfg = Debug|Any CPU
		{4A9F3C4F-C3B9-4A0A-A66E-DE617708BE51}.Debug|Any CPU.Build.0 = Debug|Any CPU
		{4A9F3C4F-C3B9-4A0A-A66E-DE617708BE51}.Release|Any CPU.ActiveCfg = Release|Any CPU
		{4A9F3C4F-C3B9-4A0A-A66E-DE617708BE51}.Release|Any CPU.Build.0 = Release|Any CPU
	EndGlobalSection
	GlobalSection(SolutionProperties) = preSolution
		HideSolutionNode = FALSE
	EndGlobalSection
EndGlobal
